// !$*UTF8*$!
{
	archiveVersion = 1;
	classes = {
	};
	objectVersion = 50;
	objects = {

/* Begin PBXBuildFile section */
		B08D789D271FD72000F62A1A /* Main.storyboard in Resources */ = {isa = PBXBuildFile; fileRef = B08D789B271FD72000F62A1A /* Main.storyboard */; };
		B08D789F271FD72500F62A1A /* Assets.xcassets in Resources */ = {isa = PBXBuildFile; fileRef = B08D789E271FD72500F62A1A /* Assets.xcassets */; };
		B0A98EDE274793F200425A26 /* MainPage.storyboard in Resources */ = {isa = PBXBuildFile; fileRef = B0A98EB8274793F200425A26 /* MainPage.storyboard */; };
		B0A98EDF274793F200425A26 /* ProductCollectionView.xib in Resources */ = {isa = PBXBuildFile; fileRef = B0A98EBB274793F200425A26 /* ProductCollectionView.xib */; };
		B0A98EE3274793F200425A26 /* ProductCell.xib in Resources */ = {isa = PBXBuildFile; fileRef = B0A98EBF274793F200425A26 /* ProductCell.xib */; };
		B0A98EE5274793F200425A26 /* CategoryCell.xib in Resources */ = {isa = PBXBuildFile; fileRef = B0A98EC2274793F200425A26 /* CategoryCell.xib */; };
		B0A98EE6274793F200425A26 /* PageScrollView.xib in Resources */ = {isa = PBXBuildFile; fileRef = B0A98EC4274793F200425A26 /* PageScrollView.xib */; };
		B0A98EE9274793F200425A26 /* Cart.storyboard in Resources */ = {isa = PBXBuildFile; fileRef = B0A98EC9274793F200425A26 /* Cart.storyboard */; };
		B0A98EEB274793F200425A26 /* CartStepView.xib in Resources */ = {isa = PBXBuildFile; fileRef = B0A98ECC274793F200425A26 /* CartStepView.xib */; };
		B0A98EEE274793F200425A26 /* Cart2TableViewCell.xib in Resources */ = {isa = PBXBuildFile; fileRef = B0A98ED0274793F200425A26 /* Cart2TableViewCell.xib */; };
		B0A98EEF274793F200425A26 /* Cart1TableViewCell.xib in Resources */ = {isa = PBXBuildFile; fileRef = B0A98ED2274793F200425A26 /* Cart1TableViewCell.xib */; };
		B0A98EF5274794D600425A26 /* Favorite.storyboard in Resources */ = {isa = PBXBuildFile; fileRef = B0A98EF2274794D600425A26 /* Favorite.storyboard */; };
		B0A98EFB2747975F00425A26 /* .gitattributes in Resources */ = {isa = PBXBuildFile; fileRef = B0A98EFA2747975F00425A26 /* .gitattributes */; };
		FF35EBF8274E007F00E77846 /* Search.storyboard in Resources */ = {isa = PBXBuildFile; fileRef = FF35EBE7274DFC1100E77846 /* Search.storyboard */; };
		FF35EBF9274E007F00E77846 /* Member.storyboard in Resources */ = {isa = PBXBuildFile; fileRef = FF35EBE9274DFC1100E77846 /* Member.storyboard */; };
		FF35EBFB274E019400E77846 /* PopularKeywordsTableViewCell.xib in Resources */ = {isa = PBXBuildFile; fileRef = FF35EBE5274DFC1100E77846 /* PopularKeywordsTableViewCell.xib */; };
		FF35EBFF274E019400E77846 /* ProductItemInfoTableViewCell.xib in Resources */ = {isa = PBXBuildFile; fileRef = FF35EBEB274DFC1100E77846 /* ProductItemInfoTableViewCell.xib */; };
		FF35EC00274E019400E77846 /* EmbedCollectionViewTableViewCell.xib in Resources */ = {isa = PBXBuildFile; fileRef = FF35EBEC274DFC1100E77846 /* EmbedCollectionViewTableViewCell.xib */; };
		FF35EC02274E019400E77846 /* LabelCollectionViewCell.xib in Resources */ = {isa = PBXBuildFile; fileRef = FF35EBEE274DFC1100E77846 /* LabelCollectionViewCell.xib */; };
		FF35EC04274E019400E77846 /* ProductTableViewCell.xib in Resources */ = {isa = PBXBuildFile; fileRef = FF35EBF0274DFC1100E77846 /* ProductTableViewCell.xib */; };
		FF35EC12274E051000E77846 /* TabBarController.swift in Sources */ = {isa = PBXBuildFile; fileRef = B0317C4C274CD4D000DF7D4B /* TabBarController.swift */; };
		FF35EC13274E051000E77846 /* AppDelegate.swift in Sources */ = {isa = PBXBuildFile; fileRef = B08D7895271FD72000F62A1A /* AppDelegate.swift */; };
		FF35EC14274E051000E77846 /* SceneDelegate.swift in Sources */ = {isa = PBXBuildFile; fileRef = B08D7897271FD72000F62A1A /* SceneDelegate.swift */; };
		FF35EC15274E051000E77846 /* CollectionTableViewCell.swift in Sources */ = {isa = PBXBuildFile; fileRef = B0A98EF3274794D600425A26 /* CollectionTableViewCell.swift */; };
		FF35EC16274E051000E77846 /* CollectionTableViewController.swift in Sources */ = {isa = PBXBuildFile; fileRef = B0A98EF4274794D600425A26 /* CollectionTableViewController.swift */; };
		FF35EC17274E051000E77846 /* ProductCell.swift in Sources */ = {isa = PBXBuildFile; fileRef = B0A98EBC274793F200425A26 /* ProductCell.swift */; };
		FF35EC18274E051000E77846 /* ProductCollectionView.swift in Sources */ = {isa = PBXBuildFile; fileRef = B0A98EBD274793F200425A26 /* ProductCollectionView.swift */; };
		FF35EC19274E051000E77846 /* CategoryCell.swift in Sources */ = {isa = PBXBuildFile; fileRef = B0A98EC1274793F200425A26 /* CategoryCell.swift */; };
		FF35EC1A274E051000E77846 /* PageScrollView.swift in Sources */ = {isa = PBXBuildFile; fileRef = B0A98EC5274793F200425A26 /* PageScrollView.swift */; };
		FF35EC1B274E051000E77846 /* CartStepView.swift in Sources */ = {isa = PBXBuildFile; fileRef = B0A98ECD274793F200425A26 /* CartStepView.swift */; };
		FF35EC1C274E051000E77846 /* Cart2TableViewCell.swift in Sources */ = {isa = PBXBuildFile; fileRef = B0A98ECF274793F200425A26 /* Cart2TableViewCell.swift */; };
		FF35EC1D274E051000E77846 /* Cart1TableViewCell.swift in Sources */ = {isa = PBXBuildFile; fileRef = B0A98ED3274793F200425A26 /* Cart1TableViewCell.swift */; };
		FF35EC1E274E051100E77846 /* MainPageViewController.swift in Sources */ = {isa = PBXBuildFile; fileRef = B0A98EAD274793F200425A26 /* MainPageViewController.swift */; };
		FF35EC1F274E051100E77846 /* CategoryProductViewController.swift in Sources */ = {isa = PBXBuildFile; fileRef = B0A98EB0274793F200425A26 /* CategoryProductViewController.swift */; };
		FF35EC20274E051100E77846 /* Cart1ViewController.swift in Sources */ = {isa = PBXBuildFile; fileRef = B0A98EB1274793F200425A26 /* Cart1ViewController.swift */; };
		FF35EC21274E051100E77846 /* Cart2ViewController.swift in Sources */ = {isa = PBXBuildFile; fileRef = B0A98EAF274793F200425A26 /* Cart2ViewController.swift */; };
		FF35EC22274E051100E77846 /* Cart3ViewController.swift in Sources */ = {isa = PBXBuildFile; fileRef = B0A98EAE274793F200425A26 /* Cart3ViewController.swift */; };
		FF35EC23274E051100E77846 /* MainPageViewModel.swift in Sources */ = {isa = PBXBuildFile; fileRef = B0A98EA7274793F200425A26 /* MainPageViewModel.swift */; };
		FF35EC24274E051100E77846 /* ColorElement.swift in Sources */ = {isa = PBXBuildFile; fileRef = B0A98EA9274793F200425A26 /* ColorElement.swift */; };
		FF35EC25274E051100E77846 /* CategorySiang.swift in Sources */ = {isa = PBXBuildFile; fileRef = B0A98EAA274793F200425A26 /* CategorySiang.swift */; };
		FF35EC26274E051100E77846 /* NibOwnerLoadable.swift in Sources */ = {isa = PBXBuildFile; fileRef = B0A98EAB274793F200425A26 /* NibOwnerLoadable.swift */; };
		FF35EC27274E051100E77846 /* PopularKeywordsTableViewCell.swift in Sources */ = {isa = PBXBuildFile; fileRef = FF35EBE6274DFC1100E77846 /* PopularKeywordsTableViewCell.swift */; };
		FF35EC28274E051100E77846 /* LabelCollectionViewCell.swift in Sources */ = {isa = PBXBuildFile; fileRef = FF35EBE8274DFC1100E77846 /* LabelCollectionViewCell.swift */; };
		FF35EC29274E051100E77846 /* ProductItemInfoTableViewCell.swift in Sources */ = {isa = PBXBuildFile; fileRef = FF35EBEA274DFC1100E77846 /* ProductItemInfoTableViewCell.swift */; };
		FF35EC2A274E051100E77846 /* ProductTableViewCell.swift in Sources */ = {isa = PBXBuildFile; fileRef = FF35EBED274DFC1100E77846 /* ProductTableViewCell.swift */; };
		FF35EC2B274E051100E77846 /* ResultAxisHCollectionViewCell.swift in Sources */ = {isa = PBXBuildFile; fileRef = FF35EBEF274DFC1100E77846 /* ResultAxisHCollectionViewCell.swift */; };
		FF35EC2C274E051100E77846 /* ResultCollectionViewCell.swift in Sources */ = {isa = PBXBuildFile; fileRef = FF35EBF1274DFC1100E77846 /* ResultCollectionViewCell.swift */; };
		FF35EC2D274E051100E77846 /* EmbedCollectionViewTableViewCell.swift in Sources */ = {isa = PBXBuildFile; fileRef = FF35EBF2274DFC1100E77846 /* EmbedCollectionViewTableViewCell.swift */; };
		FF35EC2E274E051100E77846 /* MemberTableViewController.swift in Sources */ = {isa = PBXBuildFile; fileRef = FF35EBBE274DFA0900E77846 /* MemberTableViewController.swift */; };
		FF35EC2F274E051100E77846 /* ProductViewController.swift in Sources */ = {isa = PBXBuildFile; fileRef = FF35EBBD274DFA0900E77846 /* ProductViewController.swift */; };
		FF35EC30274E051100E77846 /* ResultCollectionViewController.swift in Sources */ = {isa = PBXBuildFile; fileRef = FF35EBBC274DFA0900E77846 /* ResultCollectionViewController.swift */; };
		FF35EC32274E051D00E77846 /* SearchTableViewController.swift in Sources */ = {isa = PBXBuildFile; fileRef = FF35EBBB274DFA0800E77846 /* SearchTableViewController.swift */; };
		FF35EC33274E051D00E77846 /* Keywords.swift in Sources */ = {isa = PBXBuildFile; fileRef = FF35EBD9274DFB4700E77846 /* Keywords.swift */; };
		FF35EC34274E051D00E77846 /* MemberModel.swift in Sources */ = {isa = PBXBuildFile; fileRef = FF35EBC7274DFA7700E77846 /* MemberModel.swift */; };
		FF35EC35274E051D00E77846 /* Products.swift in Sources */ = {isa = PBXBuildFile; fileRef = FF35EBC9274DFA7700E77846 /* Products.swift */; };
		FF631233274F41EA003AAC4B /* MemberInfo.swift in Sources */ = {isa = PBXBuildFile; fileRef = FF631231274F41EA003AAC4B /* MemberInfo.swift */; };
		FF631234274F41EA003AAC4B /* MemberInfo.xib in Resources */ = {isa = PBXBuildFile; fileRef = FF631232274F41EA003AAC4B /* MemberInfo.xib */; };
		FF63123B274F4F38003AAC4B /* MemberInfoViewController.swift in Sources */ = {isa = PBXBuildFile; fileRef = FF63123A274F4F38003AAC4B /* MemberInfoViewController.swift */; };
		FF631243274FC8B7003AAC4B /* ProductListCell.swift in Sources */ = {isa = PBXBuildFile; fileRef = FF631241274FC8B7003AAC4B /* ProductListCell.swift */; };
		FF631244274FC8B7003AAC4B /* ProductListCell.xib in Resources */ = {isa = PBXBuildFile; fileRef = FF631242274FC8B7003AAC4B /* ProductListCell.xib */; };
		FF631247274FCCB7003AAC4B /* EmbedProductTableViewCell.swift in Sources */ = {isa = PBXBuildFile; fileRef = FF631246274FCCB7003AAC4B /* EmbedProductTableViewCell.swift */; };
		FF63124B27506846003AAC4B /* BuyListCell.swift in Sources */ = {isa = PBXBuildFile; fileRef = FF63124927506846003AAC4B /* BuyListCell.swift */; };
		FF63124C27506846003AAC4B /* BuyListCell.xib in Resources */ = {isa = PBXBuildFile; fileRef = FF63124A27506846003AAC4B /* BuyListCell.xib */; };
/* End PBXBuildFile section */

/* Begin PBXFileReference section */
		B0317C4C274CD4D000DF7D4B /* TabBarController.swift */ = {isa = PBXFileReference; lastKnownFileType = sourcecode.swift; path = TabBarController.swift; sourceTree = "<group>"; };
		B08D7892271FD72000F62A1A /* shoppingApp.app */ = {isa = PBXFileReference; explicitFileType = wrapper.application; includeInIndex = 0; path = shoppingApp.app; sourceTree = BUILT_PRODUCTS_DIR; };
		B08D7895271FD72000F62A1A /* AppDelegate.swift */ = {isa = PBXFileReference; lastKnownFileType = sourcecode.swift; path = AppDelegate.swift; sourceTree = "<group>"; };
		B08D7897271FD72000F62A1A /* SceneDelegate.swift */ = {isa = PBXFileReference; lastKnownFileType = sourcecode.swift; path = SceneDelegate.swift; sourceTree = "<group>"; };
		B08D789C271FD72000F62A1A /* Base */ = {isa = PBXFileReference; lastKnownFileType = file.storyboard; name = Base; path = Base.lproj/Main.storyboard; sourceTree = "<group>"; };
		B08D789E271FD72500F62A1A /* Assets.xcassets */ = {isa = PBXFileReference; lastKnownFileType = folder.assetcatalog; path = Assets.xcassets; sourceTree = "<group>"; };
		B08D78A3271FD72500F62A1A /* Info.plist */ = {isa = PBXFileReference; lastKnownFileType = text.plist.xml; path = Info.plist; sourceTree = "<group>"; };
		B0A98EA7274793F200425A26 /* MainPageViewModel.swift */ = {isa = PBXFileReference; fileEncoding = 4; lastKnownFileType = sourcecode.swift; path = MainPageViewModel.swift; sourceTree = "<group>"; };
		B0A98EA9274793F200425A26 /* ColorElement.swift */ = {isa = PBXFileReference; fileEncoding = 4; lastKnownFileType = sourcecode.swift; path = ColorElement.swift; sourceTree = "<group>"; };
		B0A98EAA274793F200425A26 /* CategorySiang.swift */ = {isa = PBXFileReference; fileEncoding = 4; lastKnownFileType = sourcecode.swift; path = CategorySiang.swift; sourceTree = "<group>"; };
		B0A98EAB274793F200425A26 /* NibOwnerLoadable.swift */ = {isa = PBXFileReference; fileEncoding = 4; lastKnownFileType = sourcecode.swift; path = NibOwnerLoadable.swift; sourceTree = "<group>"; };
		B0A98EAD274793F200425A26 /* MainPageViewController.swift */ = {isa = PBXFileReference; fileEncoding = 4; lastKnownFileType = sourcecode.swift; path = MainPageViewController.swift; sourceTree = "<group>"; };
		B0A98EAE274793F200425A26 /* Cart3ViewController.swift */ = {isa = PBXFileReference; fileEncoding = 4; lastKnownFileType = sourcecode.swift; path = Cart3ViewController.swift; sourceTree = "<group>"; };
		B0A98EAF274793F200425A26 /* Cart2ViewController.swift */ = {isa = PBXFileReference; fileEncoding = 4; lastKnownFileType = sourcecode.swift; path = Cart2ViewController.swift; sourceTree = "<group>"; };
		B0A98EB0274793F200425A26 /* CategoryProductViewController.swift */ = {isa = PBXFileReference; fileEncoding = 4; lastKnownFileType = sourcecode.swift; path = CategoryProductViewController.swift; sourceTree = "<group>"; };
		B0A98EB1274793F200425A26 /* Cart1ViewController.swift */ = {isa = PBXFileReference; fileEncoding = 4; lastKnownFileType = sourcecode.swift; path = Cart1ViewController.swift; sourceTree = "<group>"; };
		B0A98EB9274793F200425A26 /* Base */ = {isa = PBXFileReference; lastKnownFileType = file.storyboard; name = Base; path = Base.lproj/MainPage.storyboard; sourceTree = "<group>"; };
		B0A98EBB274793F200425A26 /* ProductCollectionView.xib */ = {isa = PBXFileReference; fileEncoding = 4; lastKnownFileType = file.xib; path = ProductCollectionView.xib; sourceTree = "<group>"; };
		B0A98EBC274793F200425A26 /* ProductCell.swift */ = {isa = PBXFileReference; fileEncoding = 4; lastKnownFileType = sourcecode.swift; path = ProductCell.swift; sourceTree = "<group>"; };
		B0A98EBD274793F200425A26 /* ProductCollectionView.swift */ = {isa = PBXFileReference; fileEncoding = 4; lastKnownFileType = sourcecode.swift; path = ProductCollectionView.swift; sourceTree = "<group>"; };
		B0A98EBF274793F200425A26 /* ProductCell.xib */ = {isa = PBXFileReference; fileEncoding = 4; lastKnownFileType = file.xib; path = ProductCell.xib; sourceTree = "<group>"; };
		B0A98EC1274793F200425A26 /* CategoryCell.swift */ = {isa = PBXFileReference; fileEncoding = 4; lastKnownFileType = sourcecode.swift; path = CategoryCell.swift; sourceTree = "<group>"; };
		B0A98EC2274793F200425A26 /* CategoryCell.xib */ = {isa = PBXFileReference; fileEncoding = 4; lastKnownFileType = file.xib; path = CategoryCell.xib; sourceTree = "<group>"; };
		B0A98EC4274793F200425A26 /* PageScrollView.xib */ = {isa = PBXFileReference; fileEncoding = 4; lastKnownFileType = file.xib; path = PageScrollView.xib; sourceTree = "<group>"; };
		B0A98EC5274793F200425A26 /* PageScrollView.swift */ = {isa = PBXFileReference; fileEncoding = 4; lastKnownFileType = sourcecode.swift; path = PageScrollView.swift; sourceTree = "<group>"; };
		B0A98EC9274793F200425A26 /* Cart.storyboard */ = {isa = PBXFileReference; fileEncoding = 4; lastKnownFileType = file.storyboard; path = Cart.storyboard; sourceTree = "<group>"; };
		B0A98ECC274793F200425A26 /* CartStepView.xib */ = {isa = PBXFileReference; fileEncoding = 4; lastKnownFileType = file.xib; path = CartStepView.xib; sourceTree = "<group>"; };
		B0A98ECD274793F200425A26 /* CartStepView.swift */ = {isa = PBXFileReference; fileEncoding = 4; lastKnownFileType = sourcecode.swift; path = CartStepView.swift; sourceTree = "<group>"; };
		B0A98ECF274793F200425A26 /* Cart2TableViewCell.swift */ = {isa = PBXFileReference; fileEncoding = 4; lastKnownFileType = sourcecode.swift; path = Cart2TableViewCell.swift; sourceTree = "<group>"; };
		B0A98ED0274793F200425A26 /* Cart2TableViewCell.xib */ = {isa = PBXFileReference; fileEncoding = 4; lastKnownFileType = file.xib; path = Cart2TableViewCell.xib; sourceTree = "<group>"; };
		B0A98ED2274793F200425A26 /* Cart1TableViewCell.xib */ = {isa = PBXFileReference; fileEncoding = 4; lastKnownFileType = file.xib; path = Cart1TableViewCell.xib; sourceTree = "<group>"; };
		B0A98ED3274793F200425A26 /* Cart1TableViewCell.swift */ = {isa = PBXFileReference; fileEncoding = 4; lastKnownFileType = sourcecode.swift; path = Cart1TableViewCell.swift; sourceTree = "<group>"; };
		B0A98EF2274794D600425A26 /* Favorite.storyboard */ = {isa = PBXFileReference; fileEncoding = 4; lastKnownFileType = file.storyboard; path = Favorite.storyboard; sourceTree = "<group>"; };
		B0A98EF3274794D600425A26 /* CollectionTableViewCell.swift */ = {isa = PBXFileReference; fileEncoding = 4; lastKnownFileType = sourcecode.swift; path = CollectionTableViewCell.swift; sourceTree = "<group>"; };
		B0A98EF4274794D600425A26 /* CollectionTableViewController.swift */ = {isa = PBXFileReference; fileEncoding = 4; lastKnownFileType = sourcecode.swift; path = CollectionTableViewController.swift; sourceTree = "<group>"; };
		B0A98EFA2747975F00425A26 /* .gitattributes */ = {isa = PBXFileReference; lastKnownFileType = text; path = .gitattributes; sourceTree = "<group>"; };
		FF35EBBB274DFA0800E77846 /* SearchTableViewController.swift */ = {isa = PBXFileReference; lastKnownFileType = sourcecode.swift; path = SearchTableViewController.swift; sourceTree = "<group>"; };
		FF35EBBC274DFA0900E77846 /* ResultCollectionViewController.swift */ = {isa = PBXFileReference; lastKnownFileType = sourcecode.swift; path = ResultCollectionViewController.swift; sourceTree = "<group>"; };
		FF35EBBD274DFA0900E77846 /* ProductViewController.swift */ = {isa = PBXFileReference; lastKnownFileType = sourcecode.swift; path = ProductViewController.swift; sourceTree = "<group>"; };
		FF35EBBE274DFA0900E77846 /* MemberTableViewController.swift */ = {isa = PBXFileReference; lastKnownFileType = sourcecode.swift; path = MemberTableViewController.swift; sourceTree = "<group>"; };
		FF35EBC7274DFA7700E77846 /* MemberModel.swift */ = {isa = PBXFileReference; fileEncoding = 4; lastKnownFileType = sourcecode.swift; path = MemberModel.swift; sourceTree = "<group>"; };
		FF35EBC9274DFA7700E77846 /* Products.swift */ = {isa = PBXFileReference; fileEncoding = 4; lastKnownFileType = sourcecode.swift; path = Products.swift; sourceTree = "<group>"; };
		FF35EBD9274DFB4700E77846 /* Keywords.swift */ = {isa = PBXFileReference; fileEncoding = 4; lastKnownFileType = sourcecode.swift; path = Keywords.swift; sourceTree = "<group>"; };
		FF35EBE5274DFC1100E77846 /* PopularKeywordsTableViewCell.xib */ = {isa = PBXFileReference; lastKnownFileType = file.xib; path = PopularKeywordsTableViewCell.xib; sourceTree = "<group>"; };
		FF35EBE6274DFC1100E77846 /* PopularKeywordsTableViewCell.swift */ = {isa = PBXFileReference; lastKnownFileType = sourcecode.swift; path = PopularKeywordsTableViewCell.swift; sourceTree = "<group>"; };
		FF35EBE7274DFC1100E77846 /* Search.storyboard */ = {isa = PBXFileReference; lastKnownFileType = file.storyboard; path = Search.storyboard; sourceTree = "<group>"; };
		FF35EBE8274DFC1100E77846 /* LabelCollectionViewCell.swift */ = {isa = PBXFileReference; lastKnownFileType = sourcecode.swift; path = LabelCollectionViewCell.swift; sourceTree = "<group>"; };
		FF35EBE9274DFC1100E77846 /* Member.storyboard */ = {isa = PBXFileReference; lastKnownFileType = file.storyboard; path = Member.storyboard; sourceTree = "<group>"; };
		FF35EBEA274DFC1100E77846 /* ProductItemInfoTableViewCell.swift */ = {isa = PBXFileReference; lastKnownFileType = sourcecode.swift; path = ProductItemInfoTableViewCell.swift; sourceTree = "<group>"; };
		FF35EBEB274DFC1100E77846 /* ProductItemInfoTableViewCell.xib */ = {isa = PBXFileReference; lastKnownFileType = file.xib; path = ProductItemInfoTableViewCell.xib; sourceTree = "<group>"; };
		FF35EBEC274DFC1100E77846 /* EmbedCollectionViewTableViewCell.xib */ = {isa = PBXFileReference; lastKnownFileType = file.xib; path = EmbedCollectionViewTableViewCell.xib; sourceTree = "<group>"; };
		FF35EBED274DFC1100E77846 /* ProductTableViewCell.swift */ = {isa = PBXFileReference; lastKnownFileType = sourcecode.swift; path = ProductTableViewCell.swift; sourceTree = "<group>"; };
		FF35EBEE274DFC1100E77846 /* LabelCollectionViewCell.xib */ = {isa = PBXFileReference; lastKnownFileType = file.xib; path = LabelCollectionViewCell.xib; sourceTree = "<group>"; };
		FF35EBEF274DFC1100E77846 /* ResultAxisHCollectionViewCell.swift */ = {isa = PBXFileReference; lastKnownFileType = sourcecode.swift; path = ResultAxisHCollectionViewCell.swift; sourceTree = "<group>"; };
		FF35EBF0274DFC1100E77846 /* ProductTableViewCell.xib */ = {isa = PBXFileReference; lastKnownFileType = file.xib; path = ProductTableViewCell.xib; sourceTree = "<group>"; };
		FF35EBF1274DFC1100E77846 /* ResultCollectionViewCell.swift */ = {isa = PBXFileReference; lastKnownFileType = sourcecode.swift; path = ResultCollectionViewCell.swift; sourceTree = "<group>"; };
		FF35EBF2274DFC1100E77846 /* EmbedCollectionViewTableViewCell.swift */ = {isa = PBXFileReference; lastKnownFileType = sourcecode.swift; path = EmbedCollectionViewTableViewCell.swift; sourceTree = "<group>"; };
		FF631231274F41EA003AAC4B /* MemberInfo.swift */ = {isa = PBXFileReference; lastKnownFileType = sourcecode.swift; path = MemberInfo.swift; sourceTree = "<group>"; };
		FF631232274F41EA003AAC4B /* MemberInfo.xib */ = {isa = PBXFileReference; lastKnownFileType = file.xib; path = MemberInfo.xib; sourceTree = "<group>"; };
		FF63123A274F4F38003AAC4B /* MemberInfoViewController.swift */ = {isa = PBXFileReference; lastKnownFileType = sourcecode.swift; path = MemberInfoViewController.swift; sourceTree = "<group>"; };
		FF631241274FC8B7003AAC4B /* ProductListCell.swift */ = {isa = PBXFileReference; lastKnownFileType = sourcecode.swift; path = ProductListCell.swift; sourceTree = "<group>"; };
		FF631242274FC8B7003AAC4B /* ProductListCell.xib */ = {isa = PBXFileReference; lastKnownFileType = file.xib; path = ProductListCell.xib; sourceTree = "<group>"; };
		FF631246274FCCB7003AAC4B /* EmbedProductTableViewCell.swift */ = {isa = PBXFileReference; lastKnownFileType = sourcecode.swift; name = EmbedProductTableViewCell.swift; path = shoppingApp/Jason/Views/Search/Result/Product/EmbedProductTableViewCell.swift; sourceTree = SOURCE_ROOT; };
		FF63124927506846003AAC4B /* BuyListCell.swift */ = {isa = PBXFileReference; lastKnownFileType = sourcecode.swift; path = BuyListCell.swift; sourceTree = "<group>"; };
		FF63124A27506846003AAC4B /* BuyListCell.xib */ = {isa = PBXFileReference; lastKnownFileType = file.xib; path = BuyListCell.xib; sourceTree = "<group>"; };
/* End PBXFileReference section */

/* Begin PBXFrameworksBuildPhase section */
		B08D788F271FD72000F62A1A /* Frameworks */ = {
			isa = PBXFrameworksBuildPhase;
			buildActionMask = 2147483647;
			files = (
			);
			runOnlyForDeploymentPostprocessing = 0;
		};
/* End PBXFrameworksBuildPhase section */

/* Begin PBXGroup section */
		B08D7889271FD72000F62A1A = {
			isa = PBXGroup;
			children = (
				B08D7894271FD72000F62A1A /* shoppingApp */,
				B08D7893271FD72000F62A1A /* Products */,
			);
			sourceTree = "<group>";
		};
		B08D7893271FD72000F62A1A /* Products */ = {
			isa = PBXGroup;
			children = (
				B08D7892271FD72000F62A1A /* shoppingApp.app */,
			);
			name = Products;
			sourceTree = "<group>";
		};
		B08D7894271FD72000F62A1A /* shoppingApp */ = {
			isa = PBXGroup;
			children = (
				B08D78A3271FD72500F62A1A /* Info.plist */,
				B08D789B271FD72000F62A1A /* Main.storyboard */,
				B0317C4C274CD4D000DF7D4B /* TabBarController.swift */,
				B08D7895271FD72000F62A1A /* AppDelegate.swift */,
				B08D7897271FD72000F62A1A /* SceneDelegate.swift */,
				B0A98EFA2747975F00425A26 /* .gitattributes */,
				B08D789E271FD72500F62A1A /* Assets.xcassets */,
				B0A98EF1274794D600425A26 /* Howard */,
				B0A98EA5274793F200425A26 /* Siang */,
				B0979F22273917B9006C8032 /* Jason */,
			);
			path = shoppingApp;
			sourceTree = "<group>";
		};
		B0979F22273917B9006C8032 /* Jason */ = {
			isa = PBXGroup;
			children = (
				FF35EBE4274DFC1100E77846 /* Views */,
				FFBB0C3C2741665200A00A97 /* Controllers */,
				FFBB0C35274165D900A00A97 /* Models */,
			);
			path = Jason;
			sourceTree = "<group>";
		};
		B0A98EA5274793F200425A26 /* Siang */ = {
			isa = PBXGroup;
			children = (
				B0A98EB2274793F200425A26 /* Views */,
				B0A98EAC274793F200425A26 /* Controllers */,
				B0A98EA6274793F200425A26 /* ViewModels */,
				B0A98EA8274793F200425A26 /* Models */,
			);
			path = Siang;
			sourceTree = "<group>";
		};
		B0A98EA6274793F200425A26 /* ViewModels */ = {
			isa = PBXGroup;
			children = (
				B0A98EA7274793F200425A26 /* MainPageViewModel.swift */,
			);
			path = ViewModels;
			sourceTree = "<group>";
		};
		B0A98EA8274793F200425A26 /* Models */ = {
			isa = PBXGroup;
			children = (
				B0A98EA9274793F200425A26 /* ColorElement.swift */,
				B0A98EAA274793F200425A26 /* CategorySiang.swift */,
				B0A98EAB274793F200425A26 /* NibOwnerLoadable.swift */,
			);
			path = Models;
			sourceTree = "<group>";
		};
		B0A98EAC274793F200425A26 /* Controllers */ = {
			isa = PBXGroup;
			children = (
				B0A98EAD274793F200425A26 /* MainPageViewController.swift */,
				B0A98EB0274793F200425A26 /* CategoryProductViewController.swift */,
				B0A98EB1274793F200425A26 /* Cart1ViewController.swift */,
				B0A98EAF274793F200425A26 /* Cart2ViewController.swift */,
				B0A98EAE274793F200425A26 /* Cart3ViewController.swift */,
			);
			path = Controllers;
			sourceTree = "<group>";
		};
		B0A98EB2274793F200425A26 /* Views */ = {
			isa = PBXGroup;
			children = (
				B0A98EB5274793F200425A26 /* MainPage */,
				B0A98EC8274793F200425A26 /* Cart */,
			);
			path = Views;
			sourceTree = "<group>";
		};
		B0A98EB5274793F200425A26 /* MainPage */ = {
			isa = PBXGroup;
			children = (
				B0A98EB8274793F200425A26 /* MainPage.storyboard */,
				B0A98EBA274793F200425A26 /* ProductCollectionV */,
				B0A98EC0274793F200425A26 /* CategoryCell */,
				B0A98EC3274793F200425A26 /* PageScrollView */,
			);
			path = MainPage;
			sourceTree = "<group>";
		};
		B0A98EBA274793F200425A26 /* ProductCollectionV */ = {
			isa = PBXGroup;
			children = (
				B0A98EBC274793F200425A26 /* ProductCell.swift */,
				B0A98EBF274793F200425A26 /* ProductCell.xib */,
				B0A98EBB274793F200425A26 /* ProductCollectionView.xib */,
				B0A98EBD274793F200425A26 /* ProductCollectionView.swift */,
			);
			path = ProductCollectionV;
			sourceTree = "<group>";
		};
		B0A98EC0274793F200425A26 /* CategoryCell */ = {
			isa = PBXGroup;
			children = (
				B0A98EC1274793F200425A26 /* CategoryCell.swift */,
				B0A98EC2274793F200425A26 /* CategoryCell.xib */,
			);
			path = CategoryCell;
			sourceTree = "<group>";
		};
		B0A98EC3274793F200425A26 /* PageScrollView */ = {
			isa = PBXGroup;
			children = (
				B0A98EC4274793F200425A26 /* PageScrollView.xib */,
				B0A98EC5274793F200425A26 /* PageScrollView.swift */,
			);
			path = PageScrollView;
			sourceTree = "<group>";
		};
		B0A98EC8274793F200425A26 /* Cart */ = {
			isa = PBXGroup;
			children = (
				B0A98EC9274793F200425A26 /* Cart.storyboard */,
				B0A98ECA274793F200425A26 /* CartStepView */,
				B0A98ECE274793F200425A26 /* Cart2TableViewCell */,
				B0A98ED1274793F200425A26 /* Cart1TableViewCell */,
			);
			path = Cart;
			sourceTree = "<group>";
		};
		B0A98ECA274793F200425A26 /* CartStepView */ = {
			isa = PBXGroup;
			children = (
				B0A98ECC274793F200425A26 /* CartStepView.xib */,
				B0A98ECD274793F200425A26 /* CartStepView.swift */,
			);
			path = CartStepView;
			sourceTree = "<group>";
		};
		B0A98ECE274793F200425A26 /* Cart2TableViewCell */ = {
			isa = PBXGroup;
			children = (
				B0A98ECF274793F200425A26 /* Cart2TableViewCell.swift */,
				B0A98ED0274793F200425A26 /* Cart2TableViewCell.xib */,
			);
			path = Cart2TableViewCell;
			sourceTree = "<group>";
		};
		B0A98ED1274793F200425A26 /* Cart1TableViewCell */ = {
			isa = PBXGroup;
			children = (
				B0A98ED2274793F200425A26 /* Cart1TableViewCell.xib */,
				B0A98ED3274793F200425A26 /* Cart1TableViewCell.swift */,
			);
			path = Cart1TableViewCell;
			sourceTree = "<group>";
		};
		B0A98EF1274794D600425A26 /* Howard */ = {
			isa = PBXGroup;
			children = (
				B0A98EF2274794D600425A26 /* Favorite.storyboard */,
				B0A98EF3274794D600425A26 /* CollectionTableViewCell.swift */,
				B0A98EF4274794D600425A26 /* CollectionTableViewController.swift */,
			);
			path = Howard;
			sourceTree = "<group>";
		};
		FF35EBE4274DFC1100E77846 /* Views */ = {
			isa = PBXGroup;
			children = (
				FF631221274F3677003AAC4B /* Member */,
				FF63121D274F35B9003AAC4B /* Search */,
			);
			path = Views;
			sourceTree = "<group>";
		};
		FF63121D274F35B9003AAC4B /* Search */ = {
			isa = PBXGroup;
			children = (
				FF35EBE7274DFC1100E77846 /* Search.storyboard */,
				FF35EBE5274DFC1100E77846 /* PopularKeywordsTableViewCell.xib */,
				FF35EBE6274DFC1100E77846 /* PopularKeywordsTableViewCell.swift */,
				FF631222274F38DA003AAC4B /* Result */,
			);
			path = Search;
			sourceTree = "<group>";
		};
		FF631221274F3677003AAC4B /* Member */ = {
			isa = PBXGroup;
			children = (
				FF35EBE9274DFC1100E77846 /* Member.storyboard */,
				FF631231274F41EA003AAC4B /* MemberInfo.swift */,
				FF631232274F41EA003AAC4B /* MemberInfo.xib */,
				FF63124927506846003AAC4B /* BuyListCell.swift */,
				FF63124A27506846003AAC4B /* BuyListCell.xib */,
			);
			path = Member;
			sourceTree = "<group>";
		};
		FF631222274F38DA003AAC4B /* Result */ = {
			isa = PBXGroup;
			children = (
				FF63123F274F7C43003AAC4B /* Product */,
				FF63122C274F3C3B003AAC4B /* Tags */,
				FF631228274F3BF0003AAC4B /* Info */,
				FF631224274F3AEE003AAC4B /* Payment */,
			);
			path = Result;
			sourceTree = "<group>";
		};
		FF631224274F3AEE003AAC4B /* Payment */ = {
			isa = PBXGroup;
			children = (
				FF35EBED274DFC1100E77846 /* ProductTableViewCell.swift */,
				FF35EBF0274DFC1100E77846 /* ProductTableViewCell.xib */,
			);
			path = Payment;
			sourceTree = "<group>";
		};
		FF631228274F3BF0003AAC4B /* Info */ = {
			isa = PBXGroup;
			children = (
				FF35EBEA274DFC1100E77846 /* ProductItemInfoTableViewCell.swift */,
				FF35EBEB274DFC1100E77846 /* ProductItemInfoTableViewCell.xib */,
			);
			path = Info;
			sourceTree = "<group>";
		};
		FF63122C274F3C3B003AAC4B /* Tags */ = {
			isa = PBXGroup;
			children = (
				FF35EBEE274DFC1100E77846 /* LabelCollectionViewCell.xib */,
				FF35EBE8274DFC1100E77846 /* LabelCollectionViewCell.swift */,
				FF35EBF2274DFC1100E77846 /* EmbedCollectionViewTableViewCell.swift */,
				FF631246274FCCB7003AAC4B /* EmbedProductTableViewCell.swift */,
				FF35EBEC274DFC1100E77846 /* EmbedCollectionViewTableViewCell.xib */,
			);
			path = Tags;
			sourceTree = "<group>";
		};
		FF63123F274F7C43003AAC4B /* Product */ = {
			isa = PBXGroup;
			children = (
				FF35EBEF274DFC1100E77846 /* ResultAxisHCollectionViewCell.swift */,
				FF35EBF1274DFC1100E77846 /* ResultCollectionViewCell.swift */,
				FF631241274FC8B7003AAC4B /* ProductListCell.swift */,
				FF631242274FC8B7003AAC4B /* ProductListCell.xib */,
			);
			path = Product;
			sourceTree = "<group>";
		};
		FFBB0C35274165D900A00A97 /* Models */ = {
			isa = PBXGroup;
			children = (
				FF35EBD9274DFB4700E77846 /* Keywords.swift */,
				FF35EBC7274DFA7700E77846 /* MemberModel.swift */,
				FF35EBC9274DFA7700E77846 /* Products.swift */,
			);
			path = Models;
			sourceTree = "<group>";
		};
		FFBB0C3C2741665200A00A97 /* Controllers */ = {
			isa = PBXGroup;
			children = (
				FF35EBBB274DFA0800E77846 /* SearchTableViewController.swift */,
				FF35EBBC274DFA0900E77846 /* ResultCollectionViewController.swift */,
				FF35EBBD274DFA0900E77846 /* ProductViewController.swift */,
				FF35EBBE274DFA0900E77846 /* MemberTableViewController.swift */,
				FF63123A274F4F38003AAC4B /* MemberInfoViewController.swift */,
			);
			path = Controllers;
			sourceTree = "<group>";
		};
/* End PBXGroup section */

/* Begin PBXNativeTarget section */
		B08D7891271FD72000F62A1A /* shoppingApp */ = {
			isa = PBXNativeTarget;
			buildConfigurationList = B08D78A6271FD72500F62A1A /* Build configuration list for PBXNativeTarget "shoppingApp" */;
			buildPhases = (
				B08D788E271FD72000F62A1A /* Sources */,
				B08D788F271FD72000F62A1A /* Frameworks */,
				B08D7890271FD72000F62A1A /* Resources */,
			);
			buildRules = (
			);
			dependencies = (
			);
			name = shoppingApp;
			productName = shoppingApp;
			productReference = B08D7892271FD72000F62A1A /* shoppingApp.app */;
			productType = "com.apple.product-type.application";
		};
/* End PBXNativeTarget section */

/* Begin PBXProject section */
		B08D788A271FD72000F62A1A /* Project object */ = {
			isa = PBXProject;
			attributes = {
				LastSwiftUpdateCheck = 1250;
				LastUpgradeCheck = 1250;
				TargetAttributes = {
					B08D7891271FD72000F62A1A = {
						CreatedOnToolsVersion = 12.5.1;
					};
				};
			};
			buildConfigurationList = B08D788D271FD72000F62A1A /* Build configuration list for PBXProject "shoppingApp" */;
			compatibilityVersion = "Xcode 9.3";
			developmentRegion = en;
			hasScannedForEncodings = 0;
			knownRegions = (
				en,
				Base,
			);
			mainGroup = B08D7889271FD72000F62A1A;
			productRefGroup = B08D7893271FD72000F62A1A /* Products */;
			projectDirPath = "";
			projectRoot = "";
			targets = (
				B08D7891271FD72000F62A1A /* shoppingApp */,
			);
		};
/* End PBXProject section */

/* Begin PBXResourcesBuildPhase section */
		B08D7890271FD72000F62A1A /* Resources */ = {
			isa = PBXResourcesBuildPhase;
			buildActionMask = 2147483647;
			files = (
				FF35EBFB274E019400E77846 /* PopularKeywordsTableViewCell.xib in Resources */,
				FF63124C27506846003AAC4B /* BuyListCell.xib in Resources */,
				FF35EBFF274E019400E77846 /* ProductItemInfoTableViewCell.xib in Resources */,
				FF35EC00274E019400E77846 /* EmbedCollectionViewTableViewCell.xib in Resources */,
				FF631244274FC8B7003AAC4B /* ProductListCell.xib in Resources */,
				FF35EC02274E019400E77846 /* LabelCollectionViewCell.xib in Resources */,
				FF35EC04274E019400E77846 /* ProductTableViewCell.xib in Resources */,
				FF35EBF8274E007F00E77846 /* Search.storyboard in Resources */,
				FF35EBF9274E007F00E77846 /* Member.storyboard in Resources */,
				B0A98EE3274793F200425A26 /* ProductCell.xib in Resources */,
				B08D789F271FD72500F62A1A /* Assets.xcassets in Resources */,
				B0A98EE9274793F200425A26 /* Cart.storyboard in Resources */,
				B08D789D271FD72000F62A1A /* Main.storyboard in Resources */,
				B0A98EDF274793F200425A26 /* ProductCollectionView.xib in Resources */,
				FF631234274F41EA003AAC4B /* MemberInfo.xib in Resources */,
				B0A98EE6274793F200425A26 /* PageScrollView.xib in Resources */,
				B0A98EEF274793F200425A26 /* Cart1TableViewCell.xib in Resources */,
				B0A98EFB2747975F00425A26 /* .gitattributes in Resources */,
				B0A98EEE274793F200425A26 /* Cart2TableViewCell.xib in Resources */,
				B0A98EF5274794D600425A26 /* Favorite.storyboard in Resources */,
				B0A98EDE274793F200425A26 /* MainPage.storyboard in Resources */,
				B0A98EE5274793F200425A26 /* CategoryCell.xib in Resources */,
				B0A98EEB274793F200425A26 /* CartStepView.xib in Resources */,
			);
			runOnlyForDeploymentPostprocessing = 0;
		};
/* End PBXResourcesBuildPhase section */

/* Begin PBXSourcesBuildPhase section */
		B08D788E271FD72000F62A1A /* Sources */ = {
			isa = PBXSourcesBuildPhase;
			buildActionMask = 2147483647;
			files = (
				FF35EC32274E051D00E77846 /* SearchTableViewController.swift in Sources */,
				FF631247274FCCB7003AAC4B /* EmbedProductTableViewCell.swift in Sources */,
				FF35EC33274E051D00E77846 /* Keywords.swift in Sources */,
				FF35EC34274E051D00E77846 /* MemberModel.swift in Sources */,
				FF35EC35274E051D00E77846 /* Products.swift in Sources */,
				FF35EC12274E051000E77846 /* TabBarController.swift in Sources */,
				FF35EC13274E051000E77846 /* AppDelegate.swift in Sources */,
				FF35EC14274E051000E77846 /* SceneDelegate.swift in Sources */,
				FF35EC15274E051000E77846 /* CollectionTableViewCell.swift in Sources */,
				FF35EC16274E051000E77846 /* CollectionTableViewController.swift in Sources */,
				FF35EC17274E051000E77846 /* ProductCell.swift in Sources */,
				FF35EC18274E051000E77846 /* ProductCollectionView.swift in Sources */,
				FF35EC19274E051000E77846 /* CategoryCell.swift in Sources */,
				FF35EC1A274E051000E77846 /* PageScrollView.swift in Sources */,
				FF35EC1B274E051000E77846 /* CartStepView.swift in Sources */,
				FF35EC1C274E051000E77846 /* Cart2TableViewCell.swift in Sources */,
				FF35EC1D274E051000E77846 /* Cart1TableViewCell.swift in Sources */,
				FF35EC1E274E051100E77846 /* MainPageViewController.swift in Sources */,
				FF35EC1F274E051100E77846 /* CategoryProductViewController.swift in Sources */,
				FF63123B274F4F38003AAC4B /* MemberInfoViewController.swift in Sources */,
				FF35EC20274E051100E77846 /* Cart1ViewController.swift in Sources */,
				FF35EC21274E051100E77846 /* Cart2ViewController.swift in Sources */,
				FF35EC22274E051100E77846 /* Cart3ViewController.swift in Sources */,
				FF35EC23274E051100E77846 /* MainPageViewModel.swift in Sources */,
				FF35EC24274E051100E77846 /* ColorElement.swift in Sources */,
				FF631233274F41EA003AAC4B /* MemberInfo.swift in Sources */,
				FF35EC25274E051100E77846 /* CategorySiang.swift in Sources */,
				FF35EC26274E051100E77846 /* NibOwnerLoadable.swift in Sources */,
				FF35EC27274E051100E77846 /* PopularKeywordsTableViewCell.swift in Sources */,
				FF35EC28274E051100E77846 /* LabelCollectionViewCell.swift in Sources */,
				FF35EC29274E051100E77846 /* ProductItemInfoTableViewCell.swift in Sources */,
				FF35EC2A274E051100E77846 /* ProductTableViewCell.swift in Sources */,
				FF63124B27506846003AAC4B /* BuyListCell.swift in Sources */,
				FF35EC2B274E051100E77846 /* ResultAxisHCollectionViewCell.swift in Sources */,
				FF35EC2C274E051100E77846 /* ResultCollectionViewCell.swift in Sources */,
				FF631243274FC8B7003AAC4B /* ProductListCell.swift in Sources */,
				FF35EC2D274E051100E77846 /* EmbedCollectionViewTableViewCell.swift in Sources */,
				FF35EC2E274E051100E77846 /* MemberTableViewController.swift in Sources */,
				FF35EC2F274E051100E77846 /* ProductViewController.swift in Sources */,
				FF35EC30274E051100E77846 /* ResultCollectionViewController.swift in Sources */,
			);
			runOnlyForDeploymentPostprocessing = 0;
		};
/* End PBXSourcesBuildPhase section */

/* Begin PBXVariantGroup section */
		B08D789B271FD72000F62A1A /* Main.storyboard */ = {
			isa = PBXVariantGroup;
			children = (
				B08D789C271FD72000F62A1A /* Base */,
			);
			name = Main.storyboard;
			sourceTree = "<group>";
		};
		B0A98EB8274793F200425A26 /* MainPage.storyboard */ = {
			isa = PBXVariantGroup;
			children = (
				B0A98EB9274793F200425A26 /* Base */,
			);
			name = MainPage.storyboard;
			sourceTree = "<group>";
		};
/* End PBXVariantGroup section */

/* Begin XCBuildConfiguration section */
		B08D78A4271FD72500F62A1A /* Debug */ = {
			isa = XCBuildConfiguration;
			buildSettings = {
				ALWAYS_SEARCH_USER_PATHS = NO;
				CLANG_ANALYZER_NONNULL = YES;
				CLANG_ANALYZER_NUMBER_OBJECT_CONVERSION = YES_AGGRESSIVE;
				CLANG_CXX_LANGUAGE_STANDARD = "gnu++14";
				CLANG_CXX_LIBRARY = "libc++";
				CLANG_ENABLE_MODULES = YES;
				CLANG_ENABLE_OBJC_ARC = YES;
				CLANG_ENABLE_OBJC_WEAK = YES;
				CLANG_WARN_BLOCK_CAPTURE_AUTORELEASING = YES;
				CLANG_WARN_BOOL_CONVERSION = YES;
				CLANG_WARN_COMMA = YES;
				CLANG_WARN_CONSTANT_CONVERSION = YES;
				CLANG_WARN_DEPRECATED_OBJC_IMPLEMENTATIONS = YES;
				CLANG_WARN_DIRECT_OBJC_ISA_USAGE = YES_ERROR;
				CLANG_WARN_DOCUMENTATION_COMMENTS = YES;
				CLANG_WARN_EMPTY_BODY = YES;
				CLANG_WARN_ENUM_CONVERSION = YES;
				CLANG_WARN_INFINITE_RECURSION = YES;
				CLANG_WARN_INT_CONVERSION = YES;
				CLANG_WARN_NON_LITERAL_NULL_CONVERSION = YES;
				CLANG_WARN_OBJC_IMPLICIT_RETAIN_SELF = YES;
				CLANG_WARN_OBJC_LITERAL_CONVERSION = YES;
				CLANG_WARN_OBJC_ROOT_CLASS = YES_ERROR;
				CLANG_WARN_QUOTED_INCLUDE_IN_FRAMEWORK_HEADER = YES;
				CLANG_WARN_RANGE_LOOP_ANALYSIS = YES;
				CLANG_WARN_STRICT_PROTOTYPES = YES;
				CLANG_WARN_SUSPICIOUS_MOVE = YES;
				CLANG_WARN_UNGUARDED_AVAILABILITY = YES_AGGRESSIVE;
				CLANG_WARN_UNREACHABLE_CODE = YES;
				CLANG_WARN__DUPLICATE_METHOD_MATCH = YES;
				COPY_PHASE_STRIP = NO;
				DEBUG_INFORMATION_FORMAT = dwarf;
				ENABLE_STRICT_OBJC_MSGSEND = YES;
				ENABLE_TESTABILITY = YES;
				GCC_C_LANGUAGE_STANDARD = gnu11;
				GCC_DYNAMIC_NO_PIC = NO;
				GCC_NO_COMMON_BLOCKS = YES;
				GCC_OPTIMIZATION_LEVEL = 0;
				GCC_PREPROCESSOR_DEFINITIONS = (
					"DEBUG=1",
					"$(inherited)",
				);
				GCC_WARN_64_TO_32_BIT_CONVERSION = YES;
				GCC_WARN_ABOUT_RETURN_TYPE = YES_ERROR;
				GCC_WARN_UNDECLARED_SELECTOR = YES;
				GCC_WARN_UNINITIALIZED_AUTOS = YES_AGGRESSIVE;
				GCC_WARN_UNUSED_FUNCTION = YES;
				GCC_WARN_UNUSED_VARIABLE = YES;
				IPHONEOS_DEPLOYMENT_TARGET = 14.4;
				MTL_ENABLE_DEBUG_INFO = INCLUDE_SOURCE;
				MTL_FAST_MATH = YES;
				ONLY_ACTIVE_ARCH = YES;
				SDKROOT = iphoneos;
				SWIFT_ACTIVE_COMPILATION_CONDITIONS = DEBUG;
				SWIFT_OPTIMIZATION_LEVEL = "-Onone";
			};
			name = Debug;
		};
		B08D78A5271FD72500F62A1A /* Release */ = {
			isa = XCBuildConfiguration;
			buildSettings = {
				ALWAYS_SEARCH_USER_PATHS = NO;
				CLANG_ANALYZER_NONNULL = YES;
				CLANG_ANALYZER_NUMBER_OBJECT_CONVERSION = YES_AGGRESSIVE;
				CLANG_CXX_LANGUAGE_STANDARD = "gnu++14";
				CLANG_CXX_LIBRARY = "libc++";
				CLANG_ENABLE_MODULES = YES;
				CLANG_ENABLE_OBJC_ARC = YES;
				CLANG_ENABLE_OBJC_WEAK = YES;
				CLANG_WARN_BLOCK_CAPTURE_AUTORELEASING = YES;
				CLANG_WARN_BOOL_CONVERSION = YES;
				CLANG_WARN_COMMA = YES;
				CLANG_WARN_CONSTANT_CONVERSION = YES;
				CLANG_WARN_DEPRECATED_OBJC_IMPLEMENTATIONS = YES;
				CLANG_WARN_DIRECT_OBJC_ISA_USAGE = YES_ERROR;
				CLANG_WARN_DOCUMENTATION_COMMENTS = YES;
				CLANG_WARN_EMPTY_BODY = YES;
				CLANG_WARN_ENUM_CONVERSION = YES;
				CLANG_WARN_INFINITE_RECURSION = YES;
				CLANG_WARN_INT_CONVERSION = YES;
				CLANG_WARN_NON_LITERAL_NULL_CONVERSION = YES;
				CLANG_WARN_OBJC_IMPLICIT_RETAIN_SELF = YES;
				CLANG_WARN_OBJC_LITERAL_CONVERSION = YES;
				CLANG_WARN_OBJC_ROOT_CLASS = YES_ERROR;
				CLANG_WARN_QUOTED_INCLUDE_IN_FRAMEWORK_HEADER = YES;
				CLANG_WARN_RANGE_LOOP_ANALYSIS = YES;
				CLANG_WARN_STRICT_PROTOTYPES = YES;
				CLANG_WARN_SUSPICIOUS_MOVE = YES;
				CLANG_WARN_UNGUARDED_AVAILABILITY = YES_AGGRESSIVE;
				CLANG_WARN_UNREACHABLE_CODE = YES;
				CLANG_WARN__DUPLICATE_METHOD_MATCH = YES;
				COPY_PHASE_STRIP = NO;
				DEBUG_INFORMATION_FORMAT = "dwarf-with-dsym";
				ENABLE_NS_ASSERTIONS = NO;
				ENABLE_STRICT_OBJC_MSGSEND = YES;
				GCC_C_LANGUAGE_STANDARD = gnu11;
				GCC_NO_COMMON_BLOCKS = YES;
				GCC_WARN_64_TO_32_BIT_CONVERSION = YES;
				GCC_WARN_ABOUT_RETURN_TYPE = YES_ERROR;
				GCC_WARN_UNDECLARED_SELECTOR = YES;
				GCC_WARN_UNINITIALIZED_AUTOS = YES_AGGRESSIVE;
				GCC_WARN_UNUSED_FUNCTION = YES;
				GCC_WARN_UNUSED_VARIABLE = YES;
				IPHONEOS_DEPLOYMENT_TARGET = 14.4;
				MTL_ENABLE_DEBUG_INFO = NO;
				MTL_FAST_MATH = YES;
				SDKROOT = iphoneos;
				SWIFT_COMPILATION_MODE = wholemodule;
				SWIFT_OPTIMIZATION_LEVEL = "-O";
				VALIDATE_PRODUCT = YES;
			};
			name = Release;
		};
		B08D78A7271FD72500F62A1A /* Debug */ = {
			isa = XCBuildConfiguration;
			buildSettings = {
				ASSETCATALOG_COMPILER_APPICON_NAME = AppIcon;
				ASSETCATALOG_COMPILER_GLOBAL_ACCENT_COLOR_NAME = AccentColor;
				CODE_SIGN_STYLE = Automatic;
				DEVELOPMENT_TEAM = 26WQ8KBXWF;
				INFOPLIST_FILE = shoppingApp/Info.plist;
				LD_RUNPATH_SEARCH_PATHS = (
					"$(inherited)",
					"@executable_path/Frameworks",
				);
				PRODUCT_BUNDLE_IDENTIFIER = Siang.shoppingApp;
				PRODUCT_NAME = "$(TARGET_NAME)";
				SWIFT_VERSION = 5.0;
				TARGETED_DEVICE_FAMILY = "1,2";
			};
			name = Debug;
		};
		B08D78A8271FD72500F62A1A /* Release */ = {
			isa = XCBuildConfiguration;
			buildSettings = {
				ASSETCATALOG_COMPILER_APPICON_NAME = AppIcon;
				ASSETCATALOG_COMPILER_GLOBAL_ACCENT_COLOR_NAME = AccentColor;
				CODE_SIGN_STYLE = Automatic;
				DEVELOPMENT_TEAM = 26WQ8KBXWF;
				INFOPLIST_FILE = shoppingApp/Info.plist;
				LD_RUNPATH_SEARCH_PATHS = (
					"$(inherited)",
					"@executable_path/Frameworks",
				);
				PRODUCT_BUNDLE_IDENTIFIER = Siang.shoppingApp;
				PRODUCT_NAME = "$(TARGET_NAME)";
				SWIFT_VERSION = 5.0;
				TARGETED_DEVICE_FAMILY = "1,2";
			};
			name = Release;
		};
/* End XCBuildConfiguration section */

/* Begin XCConfigurationList section */
		B08D788D271FD72000F62A1A /* Build configuration list for PBXProject "shoppingApp" */ = {
			isa = XCConfigurationList;
			buildConfigurations = (
				B08D78A4271FD72500F62A1A /* Debug */,
				B08D78A5271FD72500F62A1A /* Release */,
			);
			defaultConfigurationIsVisible = 0;
			defaultConfigurationName = Release;
		};
		B08D78A6271FD72500F62A1A /* Build configuration list for PBXNativeTarget "shoppingApp" */ = {
			isa = XCConfigurationList;
			buildConfigurations = (
				B08D78A7271FD72500F62A1A /* Debug */,
				B08D78A8271FD72500F62A1A /* Release */,
			);
			defaultConfigurationIsVisible = 0;
			defaultConfigurationName = Release;
		};
/* End XCConfigurationList section */
	};
	rootObject = B08D788A271FD72000F62A1A /* Project object */;
}
