// !$*UTF8*$!
{
	archiveVersion = 1;
	classes = {
	};
	objectVersion = 50;
	objects = {

/* Begin PBXBuildFile section */
		B08D7896271FD72000F62A1A /* AppDelegate.swift in Sources */ = {isa = PBXBuildFile; fileRef = B08D7895271FD72000F62A1A /* AppDelegate.swift */; };
		B08D7898271FD72000F62A1A /* SceneDelegate.swift in Sources */ = {isa = PBXBuildFile; fileRef = B08D7897271FD72000F62A1A /* SceneDelegate.swift */; };
		B08D789A271FD72000F62A1A /* MainPageViewController.swift in Sources */ = {isa = PBXBuildFile; fileRef = B08D7899271FD72000F62A1A /* MainPageViewController.swift */; };
		B08D789D271FD72000F62A1A /* Main.storyboard in Resources */ = {isa = PBXBuildFile; fileRef = B08D789B271FD72000F62A1A /* Main.storyboard */; };
		B08D789F271FD72500F62A1A /* Assets.xcassets in Resources */ = {isa = PBXBuildFile; fileRef = B08D789E271FD72500F62A1A /* Assets.xcassets */; };
		B08D78A2271FD72500F62A1A /* LaunchScreen.storyboard in Resources */ = {isa = PBXBuildFile; fileRef = B08D78A0271FD72500F62A1A /* LaunchScreen.storyboard */; };
		B0979F14273908C9006C8032 /* MainPage.storyboard in Resources */ = {isa = PBXBuildFile; fileRef = B0979F12273908C9006C8032 /* MainPage.storyboard */; };
		B0DBDE582727923200609F77 /* CategoryCell.swift in Sources */ = {isa = PBXBuildFile; fileRef = B0DBDE562727923200609F77 /* CategoryCell.swift */; };
		B0DBDE592727923200609F77 /* CategoryCell.xib in Resources */ = {isa = PBXBuildFile; fileRef = B0DBDE572727923200609F77 /* CategoryCell.xib */; };
		B0DBDE8E2729484E00609F77 /* ColorElement.swift in Sources */ = {isa = PBXBuildFile; fileRef = B0DBDE8D2729484E00609F77 /* ColorElement.swift */; };
		B0DBDE902729486300609F77 /* Category.swift in Sources */ = {isa = PBXBuildFile; fileRef = B0DBDE8F2729486300609F77 /* Category.swift */; };
		B0DBDE92272948C000609F77 /* WelcomeViewModel.swift in Sources */ = {isa = PBXBuildFile; fileRef = B0DBDE91272948C000609F77 /* WelcomeViewModel.swift */; };
		B0DBDE9427294A0200609F77 /* NibOwnerLoadable.swift in Sources */ = {isa = PBXBuildFile; fileRef = B0DBDE9327294A0200609F77 /* NibOwnerLoadable.swift */; };
		B0DBDE9627294A6100609F77 /* ProductCollectionView.swift in Sources */ = {isa = PBXBuildFile; fileRef = B0DBDE9527294A6100609F77 /* ProductCollectionView.swift */; };
		B0DBDE9827294A8900609F77 /* ProductCollectionView.xib in Resources */ = {isa = PBXBuildFile; fileRef = B0DBDE9727294A8900609F77 /* ProductCollectionView.xib */; };
		B0DBDE9B27294C9300609F77 /* ProductCell.swift in Sources */ = {isa = PBXBuildFile; fileRef = B0DBDE9927294C9300609F77 /* ProductCell.swift */; };
		B0DBDE9C27294C9300609F77 /* ProductCell.xib in Resources */ = {isa = PBXBuildFile; fileRef = B0DBDE9A27294C9300609F77 /* ProductCell.xib */; };
		B0DBDE9E272A8D9900609F77 /* CategoryProductCollectionView.swift in Sources */ = {isa = PBXBuildFile; fileRef = B0DBDE9D272A8D9900609F77 /* CategoryProductCollectionView.swift */; };
		B0F40A02272AD80300AF8A8A /* PageScrollView.swift in Sources */ = {isa = PBXBuildFile; fileRef = B0F40A01272AD80300AF8A8A /* PageScrollView.swift */; };
		B0F40A04272AD82600AF8A8A /* PageScrollView.xib in Resources */ = {isa = PBXBuildFile; fileRef = B0F40A03272AD82600AF8A8A /* PageScrollView.xib */; };
		FFBB0C32274165CE00A00A97 /* Keywords.swift in Sources */ = {isa = PBXBuildFile; fileRef = FFBB0C31274165CE00A00A97 /* Keywords.swift */; };
		FFBB0C33274165CE00A00A97 /* Products.swift in Sources */ = {isa = PBXBuildFile; fileRef = FFBB0C30274165CE00A00A97 /* Products.swift */; };
		FFBB0C392741661300A00A97 /* ResultAxisHCollectionViewCell.swift in Sources */ = {isa = PBXBuildFile; fileRef = FFBB0C372741661300A00A97 /* ResultAxisHCollectionViewCell.swift */; };
		FFBB0C3A2741661300A00A97 /* PopularKeywordsTableViewCell.xib in Resources */ = {isa = PBXBuildFile; fileRef = FFBB0C382741661300A00A97 /* PopularKeywordsTableViewCell.xib */; };
		FFBB0C412741666000A00A97 /* SearchTableViewController.swift in Sources */ = {isa = PBXBuildFile; fileRef = FFBB0C3D2741665F00A00A97 /* SearchTableViewController.swift */; };
		FFBB0C432741666000A00A97 /* ProductDetailViewController.swift in Sources */ = {isa = PBXBuildFile; fileRef = FFBB0C3F2741666000A00A97 /* ProductDetailViewController.swift */; };
		FFBB0C442741666000A00A97 /* ResultCollectionViewController.swift in Sources */ = {isa = PBXBuildFile; fileRef = FFBB0C402741666000A00A97 /* ResultCollectionViewController.swift */; };
		FFBB0C472741667A00A00A97 /* ResultCollectionViewCell.swift in Sources */ = {isa = PBXBuildFile; fileRef = FFBB0C462741667A00A00A97 /* ResultCollectionViewCell.swift */; };
		FFBB0C4C2741675100A00A97 /* PopularKeywordsTableViewCell.swift in Sources */ = {isa = PBXBuildFile; fileRef = FFBB0C4B2741675100A00A97 /* PopularKeywordsTableViewCell.swift */; };
		FFBB0C4F2741679D00A00A97 /* Search.storyboard in Resources */ = {isa = PBXBuildFile; fileRef = FFBB0C4E2741679D00A00A97 /* Search.storyboard */; };
/* End PBXBuildFile section */

/* Begin PBXFileReference section */
		B08D7892271FD72000F62A1A /* shoppingApp.app */ = {isa = PBXFileReference; explicitFileType = wrapper.application; includeInIndex = 0; path = shoppingApp.app; sourceTree = BUILT_PRODUCTS_DIR; };
		B08D7895271FD72000F62A1A /* AppDelegate.swift */ = {isa = PBXFileReference; lastKnownFileType = sourcecode.swift; path = AppDelegate.swift; sourceTree = "<group>"; };
		B08D7897271FD72000F62A1A /* SceneDelegate.swift */ = {isa = PBXFileReference; lastKnownFileType = sourcecode.swift; path = SceneDelegate.swift; sourceTree = "<group>"; };
		B08D7899271FD72000F62A1A /* MainPageViewController.swift */ = {isa = PBXFileReference; lastKnownFileType = sourcecode.swift; path = MainPageViewController.swift; sourceTree = "<group>"; };
		B08D789C271FD72000F62A1A /* Base */ = {isa = PBXFileReference; lastKnownFileType = file.storyboard; name = Base; path = Base.lproj/Main.storyboard; sourceTree = "<group>"; };
		B08D789E271FD72500F62A1A /* Assets.xcassets */ = {isa = PBXFileReference; lastKnownFileType = folder.assetcatalog; path = Assets.xcassets; sourceTree = "<group>"; };
		B08D78A1271FD72500F62A1A /* Base */ = {isa = PBXFileReference; lastKnownFileType = file.storyboard; name = Base; path = Base.lproj/LaunchScreen.storyboard; sourceTree = "<group>"; };
		B08D78A3271FD72500F62A1A /* Info.plist */ = {isa = PBXFileReference; lastKnownFileType = text.plist.xml; path = Info.plist; sourceTree = "<group>"; };
		B0979F13273908C9006C8032 /* Base */ = {isa = PBXFileReference; lastKnownFileType = file.storyboard; name = Base; path = shoppingApp/Views/Base.lproj/MainPage.storyboard; sourceTree = "<group>"; };
		B0DBDE562727923200609F77 /* CategoryCell.swift */ = {isa = PBXFileReference; lastKnownFileType = sourcecode.swift; path = CategoryCell.swift; sourceTree = "<group>"; };
		B0DBDE572727923200609F77 /* CategoryCell.xib */ = {isa = PBXFileReference; lastKnownFileType = file.xib; path = CategoryCell.xib; sourceTree = "<group>"; };
		B0DBDE8D2729484E00609F77 /* ColorElement.swift */ = {isa = PBXFileReference; lastKnownFileType = sourcecode.swift; path = ColorElement.swift; sourceTree = "<group>"; };
		B0DBDE8F2729486300609F77 /* Category.swift */ = {isa = PBXFileReference; lastKnownFileType = sourcecode.swift; path = Category.swift; sourceTree = "<group>"; };
		B0DBDE91272948C000609F77 /* WelcomeViewModel.swift */ = {isa = PBXFileReference; lastKnownFileType = sourcecode.swift; path = WelcomeViewModel.swift; sourceTree = "<group>"; };
		B0DBDE9327294A0200609F77 /* NibOwnerLoadable.swift */ = {isa = PBXFileReference; lastKnownFileType = sourcecode.swift; path = NibOwnerLoadable.swift; sourceTree = "<group>"; };
		B0DBDE9527294A6100609F77 /* ProductCollectionView.swift */ = {isa = PBXFileReference; lastKnownFileType = sourcecode.swift; path = ProductCollectionView.swift; sourceTree = "<group>"; };
		B0DBDE9727294A8900609F77 /* ProductCollectionView.xib */ = {isa = PBXFileReference; lastKnownFileType = file.xib; path = ProductCollectionView.xib; sourceTree = "<group>"; };
		B0DBDE9927294C9300609F77 /* ProductCell.swift */ = {isa = PBXFileReference; lastKnownFileType = sourcecode.swift; path = ProductCell.swift; sourceTree = "<group>"; };
		B0DBDE9A27294C9300609F77 /* ProductCell.xib */ = {isa = PBXFileReference; lastKnownFileType = file.xib; path = ProductCell.xib; sourceTree = "<group>"; };
		B0DBDE9D272A8D9900609F77 /* CategoryProductCollectionView.swift */ = {isa = PBXFileReference; lastKnownFileType = sourcecode.swift; path = CategoryProductCollectionView.swift; sourceTree = "<group>"; };
		B0F40A01272AD80300AF8A8A /* PageScrollView.swift */ = {isa = PBXFileReference; lastKnownFileType = sourcecode.swift; path = PageScrollView.swift; sourceTree = "<group>"; };
		B0F40A03272AD82600AF8A8A /* PageScrollView.xib */ = {isa = PBXFileReference; lastKnownFileType = file.xib; path = PageScrollView.xib; sourceTree = "<group>"; };
		FFBB0C30274165CE00A00A97 /* Products.swift */ = {isa = PBXFileReference; lastKnownFileType = sourcecode.swift; path = Products.swift; sourceTree = "<group>"; };
		FFBB0C31274165CE00A00A97 /* Keywords.swift */ = {isa = PBXFileReference; lastKnownFileType = sourcecode.swift; path = Keywords.swift; sourceTree = "<group>"; };
		FFBB0C372741661300A00A97 /* ResultAxisHCollectionViewCell.swift */ = {isa = PBXFileReference; fileEncoding = 4; lastKnownFileType = sourcecode.swift; path = ResultAxisHCollectionViewCell.swift; sourceTree = "<group>"; };
		FFBB0C382741661300A00A97 /* PopularKeywordsTableViewCell.xib */ = {isa = PBXFileReference; fileEncoding = 4; lastKnownFileType = file.xib; path = PopularKeywordsTableViewCell.xib; sourceTree = "<group>"; };
		FFBB0C3D2741665F00A00A97 /* SearchTableViewController.swift */ = {isa = PBXFileReference; fileEncoding = 4; lastKnownFileType = sourcecode.swift; path = SearchTableViewController.swift; sourceTree = "<group>"; };
		FFBB0C3F2741666000A00A97 /* ProductDetailViewController.swift */ = {isa = PBXFileReference; fileEncoding = 4; lastKnownFileType = sourcecode.swift; path = ProductDetailViewController.swift; sourceTree = "<group>"; };
		FFBB0C402741666000A00A97 /* ResultCollectionViewController.swift */ = {isa = PBXFileReference; fileEncoding = 4; lastKnownFileType = sourcecode.swift; path = ResultCollectionViewController.swift; sourceTree = "<group>"; };
		FFBB0C462741667A00A00A97 /* ResultCollectionViewCell.swift */ = {isa = PBXFileReference; lastKnownFileType = sourcecode.swift; path = ResultCollectionViewCell.swift; sourceTree = "<group>"; };
		FFBB0C4B2741675100A00A97 /* PopularKeywordsTableViewCell.swift */ = {isa = PBXFileReference; fileEncoding = 4; lastKnownFileType = sourcecode.swift; path = PopularKeywordsTableViewCell.swift; sourceTree = "<group>"; };
		FFBB0C4E2741679D00A00A97 /* Search.storyboard */ = {isa = PBXFileReference; fileEncoding = 4; lastKnownFileType = file.storyboard; path = Search.storyboard; sourceTree = "<group>"; };
/* End PBXFileReference section */

/* Begin PBXFrameworksBuildPhase section */
		B08D788F271FD72000F62A1A /* Frameworks */ = {
			isa = PBXFrameworksBuildPhase;
			buildActionMask = 2147483647;
			files = (
			);
			runOnlyForDeploymentPostprocessing = 0;
		};
/* End PBXFrameworksBuildPhase section */

/* Begin PBXGroup section */
		B08D7889271FD72000F62A1A = {
			isa = PBXGroup;
			children = (
				B08D7894271FD72000F62A1A /* shoppingApp */,
				B08D7893271FD72000F62A1A /* Products */,
			);
			sourceTree = "<group>";
		};
		B08D7893271FD72000F62A1A /* Products */ = {
			isa = PBXGroup;
			children = (
				B08D7892271FD72000F62A1A /* shoppingApp.app */,
			);
			name = Products;
			sourceTree = "<group>";
		};
		B08D7894271FD72000F62A1A /* shoppingApp */ = {
			isa = PBXGroup;
			children = (
				B08D78A3271FD72500F62A1A /* Info.plist */,
				B08D789B271FD72000F62A1A /* Main.storyboard */,
				B08D7895271FD72000F62A1A /* AppDelegate.swift */,
				B08D7897271FD72000F62A1A /* SceneDelegate.swift */,
				B08D789E271FD72500F62A1A /* Assets.xcassets */,
				B0979F22273917B9006C8032 /* Jason */,
				B0979F17273913D4006C8032 /* Siang */,
			);
			path = shoppingApp;
			sourceTree = "<group>";
		};
		B0979F17273913D4006C8032 /* Siang */ = {
			isa = PBXGroup;
			children = (
				B0DBDE8A272947F300609F77 /* Views */,
				B0DBDE8C2729481500609F77 /* Controllers */,
				B0DBDE8B2729480300609F77 /* ViewModels */,
				B0DBDE882729476600609F77 /* Models */,
			);
			path = Siang;
			sourceTree = "<group>";
		};
		B0979F22273917B9006C8032 /* Jason */ = {
			isa = PBXGroup;
			children = (
				FFBB0C3C2741665200A00A97 /* Controllers */,
				FFBB0C36274165EB00A00A97 /* Views */,
				FFBB0C35274165D900A00A97 /* Models */,
			);
			path = Jason;
			sourceTree = "<group>";
		};
		B0DBDE882729476600609F77 /* Models */ = {
			isa = PBXGroup;
			children = (
				B0DBDE8F2729486300609F77 /* Category.swift */,
				B0DBDE8D2729484E00609F77 /* ColorElement.swift */,
				B0DBDE9327294A0200609F77 /* NibOwnerLoadable.swift */,
			);
			path = Models;
			sourceTree = "<group>";
		};
		B0DBDE8A272947F300609F77 /* Views */ = {
			isa = PBXGroup;
			children = (
				B0979F12273908C9006C8032 /* MainPage.storyboard */,
				B0DBDE562727923200609F77 /* CategoryCell.swift */,
				B0DBDE572727923200609F77 /* CategoryCell.xib */,
				B08D78A0271FD72500F62A1A /* LaunchScreen.storyboard */,
				B0F40A05272AD84D00AF8A8A /* PageScrollView */,
				B0DBDE9F272AAA3200609F77 /* ProductCollectionV */,
			);
			path = Views;
			sourceTree = "<group>";
		};
		B0DBDE8B2729480300609F77 /* ViewModels */ = {
			isa = PBXGroup;
			children = (
				B0DBDE91272948C000609F77 /* WelcomeViewModel.swift */,
			);
			path = ViewModels;
			sourceTree = "<group>";
		};
		B0DBDE8C2729481500609F77 /* Controllers */ = {
			isa = PBXGroup;
			children = (
				B08D7899271FD72000F62A1A /* MainPageViewController.swift */,
			);
			path = Controllers;
			sourceTree = "<group>";
		};
		B0DBDE9F272AAA3200609F77 /* ProductCollectionV */ = {
			isa = PBXGroup;
			children = (
				B0DBDE9D272A8D9900609F77 /* CategoryProductCollectionView.swift */,
				B0DBDE9527294A6100609F77 /* ProductCollectionView.swift */,
				B0DBDE9727294A8900609F77 /* ProductCollectionView.xib */,
				B0DBDE9927294C9300609F77 /* ProductCell.swift */,
				B0DBDE9A27294C9300609F77 /* ProductCell.xib */,
			);
			path = ProductCollectionV;
			sourceTree = "<group>";
		};
		B0F40A05272AD84D00AF8A8A /* PageScrollView */ = {
			isa = PBXGroup;
			children = (
				B0F40A03272AD82600AF8A8A /* PageScrollView.xib */,
				B0F40A01272AD80300AF8A8A /* PageScrollView.swift */,
			);
			path = PageScrollView;
			sourceTree = "<group>";
		};
		FFBB0C35274165D900A00A97 /* Models */ = {
			isa = PBXGroup;
			children = (
				FFBB0C31274165CE00A00A97 /* Keywords.swift */,
				FFBB0C30274165CE00A00A97 /* Products.swift */,
			);
			path = Models;
			sourceTree = "<group>";
		};
		FFBB0C36274165EB00A00A97 /* Views */ = {
			isa = PBXGroup;
			children = (
				FFBB0C4E2741679D00A00A97 /* Search.storyboard */,
				FFBB0C382741661300A00A97 /* PopularKeywordsTableViewCell.xib */,
				FFBB0C4B2741675100A00A97 /* PopularKeywordsTableViewCell.swift */,
				FFBB0C462741667A00A00A97 /* ResultCollectionViewCell.swift */,
				FFBB0C372741661300A00A97 /* ResultAxisHCollectionViewCell.swift */,
			);
			path = Views;
			sourceTree = "<group>";
		};
		FFBB0C3C2741665200A00A97 /* Controllers */ = {
			isa = PBXGroup;
			children = (
				FFBB0C3F2741666000A00A97 /* ProductDetailViewController.swift */,
				FFBB0C402741666000A00A97 /* ResultCollectionViewController.swift */,
				FFBB0C3D2741665F00A00A97 /* SearchTableViewController.swift */,
			);
			path = Controllers;
			sourceTree = "<group>";
		};
/* End PBXGroup section */

/* Begin PBXNativeTarget section */
		B08D7891271FD72000F62A1A /* shoppingApp */ = {
			isa = PBXNativeTarget;
			buildConfigurationList = B08D78A6271FD72500F62A1A /* Build configuration list for PBXNativeTarget "shoppingApp" */;
			buildPhases = (
				B08D788E271FD72000F62A1A /* Sources */,
				B08D788F271FD72000F62A1A /* Frameworks */,
				B08D7890271FD72000F62A1A /* Resources */,
			);
			buildRules = (
			);
			dependencies = (
			);
			name = shoppingApp;
			productName = shoppingApp;
			productReference = B08D7892271FD72000F62A1A /* shoppingApp.app */;
			productType = "com.apple.product-type.application";
		};
/* End PBXNativeTarget section */

/* Begin PBXProject section */
		B08D788A271FD72000F62A1A /* Project object */ = {
			isa = PBXProject;
			attributes = {
				LastSwiftUpdateCheck = 1250;
				LastUpgradeCheck = 1250;
				TargetAttributes = {
					B08D7891271FD72000F62A1A = {
						CreatedOnToolsVersion = 12.5.1;
					};
				};
			};
			buildConfigurationList = B08D788D271FD72000F62A1A /* Build configuration list for PBXProject "shoppingApp" */;
			compatibilityVersion = "Xcode 9.3";
			developmentRegion = en;
			hasScannedForEncodings = 0;
			knownRegions = (
				en,
				Base,
			);
			mainGroup = B08D7889271FD72000F62A1A;
			productRefGroup = B08D7893271FD72000F62A1A /* Products */;
			projectDirPath = "";
			projectRoot = "";
			targets = (
				B08D7891271FD72000F62A1A /* shoppingApp */,
			);
		};
/* End PBXProject section */

/* Begin PBXResourcesBuildPhase section */
		B08D7890271FD72000F62A1A /* Resources */ = {
			isa = PBXResourcesBuildPhase;
			buildActionMask = 2147483647;
			files = (
				B08D78A2271FD72500F62A1A /* LaunchScreen.storyboard in Resources */,
				B08D789F271FD72500F62A1A /* Assets.xcassets in Resources */,
				B08D789D271FD72000F62A1A /* Main.storyboard in Resources */,
				B0979F14273908C9006C8032 /* MainPage.storyboard in Resources */,
				FFBB0C4F2741679D00A00A97 /* Search.storyboard in Resources */,
				B0DBDE9C27294C9300609F77 /* ProductCell.xib in Resources */,
				FFBB0C3A2741661300A00A97 /* PopularKeywordsTableViewCell.xib in Resources */,
				B0DBDE9827294A8900609F77 /* ProductCollectionView.xib in Resources */,
				B0DBDE592727923200609F77 /* CategoryCell.xib in Resources */,
				B0F40A04272AD82600AF8A8A /* PageScrollView.xib in Resources */,
			);
			runOnlyForDeploymentPostprocessing = 0;
		};
/* End PBXResourcesBuildPhase section */

/* Begin PBXSourcesBuildPhase section */
		B08D788E271FD72000F62A1A /* Sources */ = {
			isa = PBXSourcesBuildPhase;
			buildActionMask = 2147483647;
			files = (
				B08D789A271FD72000F62A1A /* MainPageViewController.swift in Sources */,
				FFBB0C392741661300A00A97 /* ResultAxisHCollectionViewCell.swift in Sources */,
				B0DBDE9E272A8D9900609F77 /* CategoryProductCollectionView.swift in Sources */,
				FFBB0C442741666000A00A97 /* ResultCollectionViewController.swift in Sources */,
				FFBB0C32274165CE00A00A97 /* Keywords.swift in Sources */,
				FFBB0C33274165CE00A00A97 /* Products.swift in Sources */,
				B0DBDE9627294A6100609F77 /* ProductCollectionView.swift in Sources */,
				FFBB0C4C2741675100A00A97 /* PopularKeywordsTableViewCell.swift in Sources */,
				B0DBDE9427294A0200609F77 /* NibOwnerLoadable.swift in Sources */,
				FFBB0C412741666000A00A97 /* SearchTableViewController.swift in Sources */,
				B08D7896271FD72000F62A1A /* AppDelegate.swift in Sources */,
				B08D7898271FD72000F62A1A /* SceneDelegate.swift in Sources */,
				B0DBDE92272948C000609F77 /* WelcomeViewModel.swift in Sources */,
				FFBB0C432741666000A00A97 /* ProductDetailViewController.swift in Sources */,
				B0DBDE8E2729484E00609F77 /* ColorElement.swift in Sources */,
				B0DBDE9B27294C9300609F77 /* ProductCell.swift in Sources */,
				B0DBDE582727923200609F77 /* CategoryCell.swift in Sources */,
				B0F40A02272AD80300AF8A8A /* PageScrollView.swift in Sources */,
				B0DBDE902729486300609F77 /* Category.swift in Sources */,
				FFBB0C472741667A00A00A97 /* ResultCollectionViewCell.swift in Sources */,
			);
			runOnlyForDeploymentPostprocessing = 0;
		};
/* End PBXSourcesBuildPhase section */

/* Begin PBXVariantGroup section */
		B08D789B271FD72000F62A1A /* Main.storyboard */ = {
			isa = PBXVariantGroup;
			children = (
				B08D789C271FD72000F62A1A /* Base */,
			);
			name = Main.storyboard;
			sourceTree = "<group>";
		};
		B08D78A0271FD72500F62A1A /* LaunchScreen.storyboard */ = {
			isa = PBXVariantGroup;
			children = (
				B08D78A1271FD72500F62A1A /* Base */,
			);
			name = LaunchScreen.storyboard;
			sourceTree = "<group>";
		};
		B0979F12273908C9006C8032 /* MainPage.storyboard */ = {
			isa = PBXVariantGroup;
			children = (
				B0979F13273908C9006C8032 /* Base */,
			);
			name = MainPage.storyboard;
			sourceTree = "<group>";
		};
/* End PBXVariantGroup section */

/* Begin XCBuildConfiguration section */
		B08D78A4271FD72500F62A1A /* Debug */ = {
			isa = XCBuildConfiguration;
			buildSettings = {
				ALWAYS_SEARCH_USER_PATHS = NO;
				CLANG_ANALYZER_NONNULL = YES;
				CLANG_ANALYZER_NUMBER_OBJECT_CONVERSION = YES_AGGRESSIVE;
				CLANG_CXX_LANGUAGE_STANDARD = "gnu++14";
				CLANG_CXX_LIBRARY = "libc++";
				CLANG_ENABLE_MODULES = YES;
				CLANG_ENABLE_OBJC_ARC = YES;
				CLANG_ENABLE_OBJC_WEAK = YES;
				CLANG_WARN_BLOCK_CAPTURE_AUTORELEASING = YES;
				CLANG_WARN_BOOL_CONVERSION = YES;
				CLANG_WARN_COMMA = YES;
				CLANG_WARN_CONSTANT_CONVERSION = YES;
				CLANG_WARN_DEPRECATED_OBJC_IMPLEMENTATIONS = YES;
				CLANG_WARN_DIRECT_OBJC_ISA_USAGE = YES_ERROR;
				CLANG_WARN_DOCUMENTATION_COMMENTS = YES;
				CLANG_WARN_EMPTY_BODY = YES;
				CLANG_WARN_ENUM_CONVERSION = YES;
				CLANG_WARN_INFINITE_RECURSION = YES;
				CLANG_WARN_INT_CONVERSION = YES;
				CLANG_WARN_NON_LITERAL_NULL_CONVERSION = YES;
				CLANG_WARN_OBJC_IMPLICIT_RETAIN_SELF = YES;
				CLANG_WARN_OBJC_LITERAL_CONVERSION = YES;
				CLANG_WARN_OBJC_ROOT_CLASS = YES_ERROR;
				CLANG_WARN_QUOTED_INCLUDE_IN_FRAMEWORK_HEADER = YES;
				CLANG_WARN_RANGE_LOOP_ANALYSIS = YES;
				CLANG_WARN_STRICT_PROTOTYPES = YES;
				CLANG_WARN_SUSPICIOUS_MOVE = YES;
				CLANG_WARN_UNGUARDED_AVAILABILITY = YES_AGGRESSIVE;
				CLANG_WARN_UNREACHABLE_CODE = YES;
				CLANG_WARN__DUPLICATE_METHOD_MATCH = YES;
				COPY_PHASE_STRIP = NO;
				DEBUG_INFORMATION_FORMAT = dwarf;
				ENABLE_STRICT_OBJC_MSGSEND = YES;
				ENABLE_TESTABILITY = YES;
				GCC_C_LANGUAGE_STANDARD = gnu11;
				GCC_DYNAMIC_NO_PIC = NO;
				GCC_NO_COMMON_BLOCKS = YES;
				GCC_OPTIMIZATION_LEVEL = 0;
				GCC_PREPROCESSOR_DEFINITIONS = (
					"DEBUG=1",
					"$(inherited)",
				);
				GCC_WARN_64_TO_32_BIT_CONVERSION = YES;
				GCC_WARN_ABOUT_RETURN_TYPE = YES_ERROR;
				GCC_WARN_UNDECLARED_SELECTOR = YES;
				GCC_WARN_UNINITIALIZED_AUTOS = YES_AGGRESSIVE;
				GCC_WARN_UNUSED_FUNCTION = YES;
				GCC_WARN_UNUSED_VARIABLE = YES;
				IPHONEOS_DEPLOYMENT_TARGET = 14.4;
				MTL_ENABLE_DEBUG_INFO = INCLUDE_SOURCE;
				MTL_FAST_MATH = YES;
				ONLY_ACTIVE_ARCH = YES;
				SDKROOT = iphoneos;
				SWIFT_ACTIVE_COMPILATION_CONDITIONS = DEBUG;
				SWIFT_OPTIMIZATION_LEVEL = "-Onone";
			};
			name = Debug;
		};
		B08D78A5271FD72500F62A1A /* Release */ = {
			isa = XCBuildConfiguration;
			buildSettings = {
				ALWAYS_SEARCH_USER_PATHS = NO;
				CLANG_ANALYZER_NONNULL = YES;
				CLANG_ANALYZER_NUMBER_OBJECT_CONVERSION = YES_AGGRESSIVE;
				CLANG_CXX_LANGUAGE_STANDARD = "gnu++14";
				CLANG_CXX_LIBRARY = "libc++";
				CLANG_ENABLE_MODULES = YES;
				CLANG_ENABLE_OBJC_ARC = YES;
				CLANG_ENABLE_OBJC_WEAK = YES;
				CLANG_WARN_BLOCK_CAPTURE_AUTORELEASING = YES;
				CLANG_WARN_BOOL_CONVERSION = YES;
				CLANG_WARN_COMMA = YES;
				CLANG_WARN_CONSTANT_CONVERSION = YES;
				CLANG_WARN_DEPRECATED_OBJC_IMPLEMENTATIONS = YES;
				CLANG_WARN_DIRECT_OBJC_ISA_USAGE = YES_ERROR;
				CLANG_WARN_DOCUMENTATION_COMMENTS = YES;
				CLANG_WARN_EMPTY_BODY = YES;
				CLANG_WARN_ENUM_CONVERSION = YES;
				CLANG_WARN_INFINITE_RECURSION = YES;
				CLANG_WARN_INT_CONVERSION = YES;
				CLANG_WARN_NON_LITERAL_NULL_CONVERSION = YES;
				CLANG_WARN_OBJC_IMPLICIT_RETAIN_SELF = YES;
				CLANG_WARN_OBJC_LITERAL_CONVERSION = YES;
				CLANG_WARN_OBJC_ROOT_CLASS = YES_ERROR;
				CLANG_WARN_QUOTED_INCLUDE_IN_FRAMEWORK_HEADER = YES;
				CLANG_WARN_RANGE_LOOP_ANALYSIS = YES;
				CLANG_WARN_STRICT_PROTOTYPES = YES;
				CLANG_WARN_SUSPICIOUS_MOVE = YES;
				CLANG_WARN_UNGUARDED_AVAILABILITY = YES_AGGRESSIVE;
				CLANG_WARN_UNREACHABLE_CODE = YES;
				CLANG_WARN__DUPLICATE_METHOD_MATCH = YES;
				COPY_PHASE_STRIP = NO;
				DEBUG_INFORMATION_FORMAT = "dwarf-with-dsym";
				ENABLE_NS_ASSERTIONS = NO;
				ENABLE_STRICT_OBJC_MSGSEND = YES;
				GCC_C_LANGUAGE_STANDARD = gnu11;
				GCC_NO_COMMON_BLOCKS = YES;
				GCC_WARN_64_TO_32_BIT_CONVERSION = YES;
				GCC_WARN_ABOUT_RETURN_TYPE = YES_ERROR;
				GCC_WARN_UNDECLARED_SELECTOR = YES;
				GCC_WARN_UNINITIALIZED_AUTOS = YES_AGGRESSIVE;
				GCC_WARN_UNUSED_FUNCTION = YES;
				GCC_WARN_UNUSED_VARIABLE = YES;
				IPHONEOS_DEPLOYMENT_TARGET = 14.4;
				MTL_ENABLE_DEBUG_INFO = NO;
				MTL_FAST_MATH = YES;
				SDKROOT = iphoneos;
				SWIFT_COMPILATION_MODE = wholemodule;
				SWIFT_OPTIMIZATION_LEVEL = "-O";
				VALIDATE_PRODUCT = YES;
			};
			name = Release;
		};
		B08D78A7271FD72500F62A1A /* Debug */ = {
			isa = XCBuildConfiguration;
			buildSettings = {
				ASSETCATALOG_COMPILER_APPICON_NAME = AppIcon;
				ASSETCATALOG_COMPILER_GLOBAL_ACCENT_COLOR_NAME = AccentColor;
				CODE_SIGN_STYLE = Automatic;
				DEVELOPMENT_TEAM = 26WQ8KBXWF;
				INFOPLIST_FILE = shoppingApp/Info.plist;
				LD_RUNPATH_SEARCH_PATHS = (
					"$(inherited)",
					"@executable_path/Frameworks",
				);
				PRODUCT_BUNDLE_IDENTIFIER = Siang.shoppingApp;
				PRODUCT_NAME = "$(TARGET_NAME)";
				SWIFT_VERSION = 5.0;
				TARGETED_DEVICE_FAMILY = "1,2";
			};
			name = Debug;
		};
		B08D78A8271FD72500F62A1A /* Release */ = {
			isa = XCBuildConfiguration;
			buildSettings = {
				ASSETCATALOG_COMPILER_APPICON_NAME = AppIcon;
				ASSETCATALOG_COMPILER_GLOBAL_ACCENT_COLOR_NAME = AccentColor;
				CODE_SIGN_STYLE = Automatic;
				DEVELOPMENT_TEAM = 26WQ8KBXWF;
				INFOPLIST_FILE = shoppingApp/Info.plist;
				LD_RUNPATH_SEARCH_PATHS = (
					"$(inherited)",
					"@executable_path/Frameworks",
				);
				PRODUCT_BUNDLE_IDENTIFIER = Siang.shoppingApp;
				PRODUCT_NAME = "$(TARGET_NAME)";
				SWIFT_VERSION = 5.0;
				TARGETED_DEVICE_FAMILY = "1,2";
			};
			name = Release;
		};
/* End XCBuildConfiguration section */

/* Begin XCConfigurationList section */
		B08D788D271FD72000F62A1A /* Build configuration list for PBXProject "shoppingApp" */ = {
			isa = XCConfigurationList;
			buildConfigurations = (
				B08D78A4271FD72500F62A1A /* Debug */,
				B08D78A5271FD72500F62A1A /* Release */,
			);
			defaultConfigurationIsVisible = 0;
			defaultConfigurationName = Release;
		};
		B08D78A6271FD72500F62A1A /* Build configuration list for PBXNativeTarget "shoppingApp" */ = {
			isa = XCConfigurationList;
			buildConfigurations = (
				B08D78A7271FD72500F62A1A /* Debug */,
				B08D78A8271FD72500F62A1A /* Release */,
			);
			defaultConfigurationIsVisible = 0;
			defaultConfigurationName = Release;
		};
/* End XCConfigurationList section */
	};
	rootObject = B08D788A271FD72000F62A1A /* Project object */;
}
